
Microsoft Visual Studio Solution File, Format Version 11.00
# Visual Studio 2010
Project("{FAE04EC0-301F-11D3-BF4B-00C04F79EFBC}") = "Website", "src\Website\Website.csproj", "{77EE2585-3838-49ED-85F5-2F9EA4082575}"
EndProject
Project("{FAE04EC0-301F-11D3-BF4B-00C04F79EFBC}") = "CSUtilities", "src\CSUtilities\CSUtilities.csproj", "{63B88A89-F8C3-483D-81B5-03690BC2CAF2}"
EndProject
Project("{2150E333-8FDC-42A3-9474-1A3956D46DE8}") = "@Docs", "@Docs", "{77692DC1-F29E-4A4A-8335-FA3C450BFF76}"
	ProjectSection(SolutionItems) = preProject
		docs\Notes.txt = docs\Notes.txt
	EndProjectSection
EndProject
Project("{FAE04EC0-301F-11D3-BF4B-00C04F79EFBC}") = "CSUtilities.Samples", "src\CSUtilities.Samples\CSUtilities.Samples.csproj", "{E24555B1-91E9-48FB-8087-E1AFC167F147}"
EndProject
Global
	GlobalSection(SubversionScc) = preSolution
		Svn-Managed = True
		Manager = AnkhSVN - Subversion Support for Visual Studio
	EndGlobalSection
	GlobalSection(SolutionConfigurationPlatforms) = preSolution
		Debug|Any CPU = Debug|Any CPU
		Debug|Mixed Platforms = Debug|Mixed Platforms
		Debug|x86 = Debug|x86
		Release|Any CPU = Release|Any CPU
		Release|Mixed Platforms = Release|Mixed Platforms
		Release|x86 = Release|x86
	EndGlobalSection
	GlobalSection(ProjectConfigurationPlatforms) = postSolution
		{77EE2585-3838-49ED-85F5-2F9EA4082575}.Debug|Any CPU.ActiveCfg = Debug|Any CPU
		{77EE2585-3838-49ED-85F5-2F9EA4082575}.Debug|Any CPU.Build.0 = Debug|Any CPU
		{77EE2585-3838-49ED-85F5-2F9EA4082575}.Debug|Mixed Platforms.ActiveCfg = Debug|Any CPU
		{77EE2585-3838-49ED-85F5-2F9EA4082575}.Debug|Mixed Platforms.Build.0 = Debug|Any CPU
		{77EE2585-3838-49ED-85F5-2F9EA4082575}.Debug|x86.ActiveCfg = Debug|Any CPU
		{77EE2585-3838-49ED-85F5-2F9EA4082575}.Release|Any CPU.ActiveCfg = Release|Any CPU
		{77EE2585-3838-49ED-85F5-2F9EA4082575}.Release|Any CPU.Build.0 = Release|Any CPU
		{77EE2585-3838-49ED-85F5-2F9EA4082575}.Release|Mixed Platforms.ActiveCfg = Release|Any CPU
		{77EE2585-3838-49ED-85F5-2F9EA4082575}.Release|Mixed Platforms.Build.0 = Release|Any CPU
		{77EE2585-3838-49ED-85F5-2F9EA4082575}.Release|x86.ActiveCfg = Release|Any CPU
		{63B88A89-F8C3-483D-81B5-03690BC2CAF2}.Debug|Any CPU.ActiveCfg = Debug|Any CPU
		{63B88A89-F8C3-483D-81B5-03690BC2CAF2}.Debug|Any CPU.Build.0 = Debug|Any CPU
		{63B88A89-F8C3-483D-81B5-03690BC2CAF2}.Debug|Mixed Platforms.ActiveCfg = Debug|Any CPU
		{63B88A89-F8C3-483D-81B5-03690BC2CAF2}.Debug|Mixed Platforms.Build.0 = Debug|Any CPU
		{63B88A89-F8C3-483D-81B5-03690BC2CAF2}.Debug|x86.ActiveCfg = Debug|Any CPU
		{63B88A89-F8C3-483D-81B5-03690BC2CAF2}.Release|Any CPU.ActiveCfg = Release|Any CPU
		{63B88A89-F8C3-483D-81B5-03690BC2CAF2}.Release|Any CPU.Build.0 = Release|Any CPU
		{63B88A89-F8C3-483D-81B5-03690BC2CAF2}.Release|Mixed Platforms.ActiveCfg = Release|Any CPU
		{63B88A89-F8C3-483D-81B5-03690BC2CAF2}.Release|Mixed Platforms.Build.0 = Release|Any CPU
		{63B88A89-F8C3-483D-81B5-03690BC2CAF2}.Release|x86.ActiveCfg = Release|Any CPU
		{E24555B1-91E9-48FB-8087-E1AFC167F147}.Debug|Any CPU.ActiveCfg = Debug|Any CPU
		{E24555B1-91E9-48FB-8087-E1AFC167F147}.Debug|Any CPU.Build.0 = Debug|Any CPU
		{E24555B1-91E9-48FB-8087-E1AFC167F147}.Debug|Mixed Platforms.ActiveCfg = Debug|Any CPU
		{E24555B1-91E9-48FB-8087-E1AFC167F147}.Debug|Mixed Platforms.Build.0 = Debug|Any CPU
		{E24555B1-91E9-48FB-8087-E1AFC167F147}.Debug|x86.ActiveCfg = Debug|Any CPU
		{E24555B1-91E9-48FB-8087-E1AFC167F147}.Release|Any CPU.ActiveCfg = Release|Any CPU
		{E24555B1-91E9-48FB-8087-E1AFC167F147}.Release|Any CPU.Build.0 = Release|Any CPU
		{E24555B1-91E9-48FB-8087-E1AFC167F147}.Release|Mixed Platforms.ActiveCfg = Release|Any CPU
		{E24555B1-91E9-48FB-8087-E1AFC167F147}.Release|Mixed Platforms.Build.0 = Release|Any CPU
		{E24555B1-91E9-48FB-8087-E1AFC167F147}.Release|x86.ActiveCfg = Release|Any CPU
	EndGlobalSection
	GlobalSection(SolutionProperties) = preSolution
		HideSolutionNode = FALSE
	EndGlobalSection
EndGlobal
