
Microsoft Visual Studio Solution File, Format Version 11.00
# Visual Studio 2010
Project("{FAE04EC0-301F-11D3-BF4B-00C04F79EFBC}") = "Website", "src\Website\Website.csproj", "{77EE2585-3838-49ED-85F5-2F9EA4082575}"
EndProject
Project("{FAE04EC0-301F-11D3-BF4B-00C04F79EFBC}") = "CSUtilities", "src\CSUtilities\CSUtilities.csproj", "{63B88A89-F8C3-483D-81B5-03690BC2CAF2}"
EndProject
Project("{FAE04EC0-301F-11D3-BF4B-00C04F79EFBC}") = "SmokeTester", "src\SmokeTester\SmokeTester.csproj", "{4120CBB5-4E49-459B-B98E-1A62AC65529B}"
EndProject
Project("{FAE04EC0-301F-11D3-BF4B-00C04F79EFBC}") = "DotNet20Temp", "src\DotNet20Temp\DotNet20Temp.csproj", "{6813A366-D2F5-4FB3-904A-0C1EBE590E3C}"
EndProject
Project("{2150E333-8FDC-42A3-9474-1A3956D46DE8}") = "@Docs", "@Docs", "{77692DC1-F29E-4A4A-8335-FA3C450BFF76}"
	ProjectSection(SolutionItems) = preProject
		docs\Notes.txt = docs\Notes.txt
	EndProjectSection
EndProject
Project("{FAE04EC0-301F-11D3-BF4B-00C04F79EFBC}") = "CSUtilities.Test", "src\CSUtilities.Test\CSUtilities.Test.csproj", "{E808D2D5-6A57-4AE9-AB3B-57CFA3B6FE2E}"
EndProject
Project("{FAE04EC0-301F-11D3-BF4B-00C04F79EFBC}") = "Website.Mvc2.DotNet40", "src\Website.Mvc2.DotNet40\Website.Mvc2.DotNet40.csproj", "{1469267F-307E-476C-BF48-0DED211EB56E}"
EndProject
Project("{FAE04EC0-301F-11D3-BF4B-00C04F79EFBC}") = "Website.WebForms.DotNet40", "src\Website.WebForms.DotNet40\Website.WebForms.DotNet40.csproj", "{7BEC1353-F2FB-4AE7-B401-B1E34B973B7C}"
EndProject
Global
	GlobalSection(SubversionScc) = preSolution
		Svn-Managed = True
		Manager = AnkhSVN - Subversion Support for Visual Studio
	EndGlobalSection
	GlobalSection(SolutionConfigurationPlatforms) = preSolution
		Debug|Any CPU = Debug|Any CPU
		Debug|Mixed Platforms = Debug|Mixed Platforms
		Debug|x86 = Debug|x86
		Release|Any CPU = Release|Any CPU
		Release|Mixed Platforms = Release|Mixed Platforms
		Release|x86 = Release|x86
	EndGlobalSection
	GlobalSection(ProjectConfigurationPlatforms) = postSolution
		{77EE2585-3838-49ED-85F5-2F9EA4082575}.Debug|Any CPU.ActiveCfg = Debug|Any CPU
		{77EE2585-3838-49ED-85F5-2F9EA4082575}.Debug|Any CPU.Build.0 = Debug|Any CPU
		{77EE2585-3838-49ED-85F5-2F9EA4082575}.Debug|Mixed Platforms.ActiveCfg = Debug|Any CPU
		{77EE2585-3838-49ED-85F5-2F9EA4082575}.Debug|Mixed Platforms.Build.0 = Debug|Any CPU
		{77EE2585-3838-49ED-85F5-2F9EA4082575}.Debug|x86.ActiveCfg = Debug|Any CPU
		{77EE2585-3838-49ED-85F5-2F9EA4082575}.Release|Any CPU.ActiveCfg = Release|Any CPU
		{77EE2585-3838-49ED-85F5-2F9EA4082575}.Release|Any CPU.Build.0 = Release|Any CPU
		{77EE2585-3838-49ED-85F5-2F9EA4082575}.Release|Mixed Platforms.ActiveCfg = Release|Any CPU
		{77EE2585-3838-49ED-85F5-2F9EA4082575}.Release|Mixed Platforms.Build.0 = Release|Any CPU
		{77EE2585-3838-49ED-85F5-2F9EA4082575}.Release|x86.ActiveCfg = Release|Any CPU
		{63B88A89-F8C3-483D-81B5-03690BC2CAF2}.Debug|Any CPU.ActiveCfg = Debug|Any CPU
		{63B88A89-F8C3-483D-81B5-03690BC2CAF2}.Debug|Any CPU.Build.0 = Debug|Any CPU
		{63B88A89-F8C3-483D-81B5-03690BC2CAF2}.Debug|Mixed Platforms.ActiveCfg = Debug|Any CPU
		{63B88A89-F8C3-483D-81B5-03690BC2CAF2}.Debug|Mixed Platforms.Build.0 = Debug|Any CPU
		{63B88A89-F8C3-483D-81B5-03690BC2CAF2}.Debug|x86.ActiveCfg = Debug|Any CPU
		{63B88A89-F8C3-483D-81B5-03690BC2CAF2}.Release|Any CPU.ActiveCfg = Release|Any CPU
		{63B88A89-F8C3-483D-81B5-03690BC2CAF2}.Release|Any CPU.Build.0 = Release|Any CPU
		{63B88A89-F8C3-483D-81B5-03690BC2CAF2}.Release|Mixed Platforms.ActiveCfg = Release|Any CPU
		{63B88A89-F8C3-483D-81B5-03690BC2CAF2}.Release|Mixed Platforms.Build.0 = Release|Any CPU
		{63B88A89-F8C3-483D-81B5-03690BC2CAF2}.Release|x86.ActiveCfg = Release|Any CPU
		{4120CBB5-4E49-459B-B98E-1A62AC65529B}.Debug|Any CPU.ActiveCfg = Debug|x86
		{4120CBB5-4E49-459B-B98E-1A62AC65529B}.Debug|Mixed Platforms.ActiveCfg = Debug|x86
		{4120CBB5-4E49-459B-B98E-1A62AC65529B}.Debug|Mixed Platforms.Build.0 = Debug|x86
		{4120CBB5-4E49-459B-B98E-1A62AC65529B}.Debug|x86.ActiveCfg = Debug|x86
		{4120CBB5-4E49-459B-B98E-1A62AC65529B}.Debug|x86.Build.0 = Debug|x86
		{4120CBB5-4E49-459B-B98E-1A62AC65529B}.Release|Any CPU.ActiveCfg = Release|x86
		{4120CBB5-4E49-459B-B98E-1A62AC65529B}.Release|Mixed Platforms.ActiveCfg = Release|x86
		{4120CBB5-4E49-459B-B98E-1A62AC65529B}.Release|Mixed Platforms.Build.0 = Release|x86
		{4120CBB5-4E49-459B-B98E-1A62AC65529B}.Release|x86.ActiveCfg = Release|x86
		{4120CBB5-4E49-459B-B98E-1A62AC65529B}.Release|x86.Build.0 = Release|x86
		{6813A366-D2F5-4FB3-904A-0C1EBE590E3C}.Debug|Any CPU.ActiveCfg = Debug|Any CPU
		{6813A366-D2F5-4FB3-904A-0C1EBE590E3C}.Debug|Any CPU.Build.0 = Debug|Any CPU
		{6813A366-D2F5-4FB3-904A-0C1EBE590E3C}.Debug|Mixed Platforms.ActiveCfg = Debug|Any CPU
		{6813A366-D2F5-4FB3-904A-0C1EBE590E3C}.Debug|Mixed Platforms.Build.0 = Debug|Any CPU
		{6813A366-D2F5-4FB3-904A-0C1EBE590E3C}.Debug|x86.ActiveCfg = Debug|Any CPU
		{6813A366-D2F5-4FB3-904A-0C1EBE590E3C}.Release|Any CPU.ActiveCfg = Release|Any CPU
		{6813A366-D2F5-4FB3-904A-0C1EBE590E3C}.Release|Any CPU.Build.0 = Release|Any CPU
		{6813A366-D2F5-4FB3-904A-0C1EBE590E3C}.Release|Mixed Platforms.ActiveCfg = Release|Any CPU
		{6813A366-D2F5-4FB3-904A-0C1EBE590E3C}.Release|Mixed Platforms.Build.0 = Release|Any CPU
		{6813A366-D2F5-4FB3-904A-0C1EBE590E3C}.Release|x86.ActiveCfg = Release|Any CPU
		{E808D2D5-6A57-4AE9-AB3B-57CFA3B6FE2E}.Debug|Any CPU.ActiveCfg = Debug|Any CPU
		{E808D2D5-6A57-4AE9-AB3B-57CFA3B6FE2E}.Debug|Any CPU.Build.0 = Debug|Any CPU
		{E808D2D5-6A57-4AE9-AB3B-57CFA3B6FE2E}.Debug|Mixed Platforms.ActiveCfg = Debug|Any CPU
		{E808D2D5-6A57-4AE9-AB3B-57CFA3B6FE2E}.Debug|Mixed Platforms.Build.0 = Debug|Any CPU
		{E808D2D5-6A57-4AE9-AB3B-57CFA3B6FE2E}.Debug|x86.ActiveCfg = Debug|Any CPU
		{E808D2D5-6A57-4AE9-AB3B-57CFA3B6FE2E}.Release|Any CPU.ActiveCfg = Release|Any CPU
		{E808D2D5-6A57-4AE9-AB3B-57CFA3B6FE2E}.Release|Any CPU.Build.0 = Release|Any CPU
		{E808D2D5-6A57-4AE9-AB3B-57CFA3B6FE2E}.Release|Mixed Platforms.ActiveCfg = Release|Any CPU
		{E808D2D5-6A57-4AE9-AB3B-57CFA3B6FE2E}.Release|Mixed Platforms.Build.0 = Release|Any CPU
		{E808D2D5-6A57-4AE9-AB3B-57CFA3B6FE2E}.Release|x86.ActiveCfg = Release|Any CPU
		{1469267F-307E-476C-BF48-0DED211EB56E}.Debug|Any CPU.ActiveCfg = Debug|Any CPU
		{1469267F-307E-476C-BF48-0DED211EB56E}.Debug|Any CPU.Build.0 = Debug|Any CPU
		{1469267F-307E-476C-BF48-0DED211EB56E}.Debug|Mixed Platforms.ActiveCfg = Debug|Any CPU
		{1469267F-307E-476C-BF48-0DED211EB56E}.Debug|Mixed Platforms.Build.0 = Debug|Any CPU
		{1469267F-307E-476C-BF48-0DED211EB56E}.Debug|x86.ActiveCfg = Debug|Any CPU
		{1469267F-307E-476C-BF48-0DED211EB56E}.Release|Any CPU.ActiveCfg = Release|Any CPU
		{1469267F-307E-476C-BF48-0DED211EB56E}.Release|Any CPU.Build.0 = Release|Any CPU
		{1469267F-307E-476C-BF48-0DED211EB56E}.Release|Mixed Platforms.ActiveCfg = Release|Any CPU
		{1469267F-307E-476C-BF48-0DED211EB56E}.Release|Mixed Platforms.Build.0 = Release|Any CPU
		{1469267F-307E-476C-BF48-0DED211EB56E}.Release|x86.ActiveCfg = Release|Any CPU
		{7BEC1353-F2FB-4AE7-B401-B1E34B973B7C}.Debug|Any CPU.ActiveCfg = Debug|Any CPU
		{7BEC1353-F2FB-4AE7-B401-B1E34B973B7C}.Debug|Any CPU.Build.0 = Debug|Any CPU
		{7BEC1353-F2FB-4AE7-B401-B1E34B973B7C}.Debug|Mixed Platforms.ActiveCfg = Debug|Any CPU
		{7BEC1353-F2FB-4AE7-B401-B1E34B973B7C}.Debug|Mixed Platforms.Build.0 = Debug|Any CPU
		{7BEC1353-F2FB-4AE7-B401-B1E34B973B7C}.Debug|x86.ActiveCfg = Debug|Any CPU
		{7BEC1353-F2FB-4AE7-B401-B1E34B973B7C}.Release|Any CPU.ActiveCfg = Release|Any CPU
		{7BEC1353-F2FB-4AE7-B401-B1E34B973B7C}.Release|Any CPU.Build.0 = Release|Any CPU
		{7BEC1353-F2FB-4AE7-B401-B1E34B973B7C}.Release|Mixed Platforms.ActiveCfg = Release|Any CPU
		{7BEC1353-F2FB-4AE7-B401-B1E34B973B7C}.Release|Mixed Platforms.Build.0 = Release|Any CPU
		{7BEC1353-F2FB-4AE7-B401-B1E34B973B7C}.Release|x86.ActiveCfg = Release|Any CPU
	EndGlobalSection
	GlobalSection(SolutionProperties) = preSolution
		HideSolutionNode = FALSE
	EndGlobalSection
EndGlobal
